
Microsoft Visual Studio Solution File, Format Version 12.00
# Visual Studio Version 17
VisualStudioVersion = 17.3.32804.467
MinimumVisualStudioVersion = 10.0.40219.1
Project("{FAE04EC0-301F-11D3-BF4B-00C04F79EFBC}") = "Reverse", "Reverse.csproj", "{F36D3747-D679-49B9-A7CC-32ABF2B7E49E}"
EndProject
Global
	GlobalSection(SolutionConfigurationPlatforms) = preSolution
		Debug|Any CPU = Debug|Any CPU
		Release|Any CPU = Release|Any CPU
	EndGlobalSection
	GlobalSection(ProjectConfigurationPlatforms) = postSolution
		{F36D3747-D679-49B9-A7CC-32ABF2B7E49E}.Debug|Any CPU.ActiveCfg = Debug|Any CPU
		{F36D3747-D679-49B9-A7CC-32ABF2B7E49E}.Debug|Any CPU.Build.0 = Debug|Any CPU
		{F36D3747-D679-49B9-A7CC-32ABF2B7E49E}.Release|Any CPU.ActiveCfg = Release|Any CPU
		{F36D3747-D679-49B9-A7CC-32ABF2B7E49E}.Release|Any CPU.Build.0 = Release|Any CPU
	EndGlobalSection
	GlobalSection(SolutionProperties) = preSolution
		HideSolutionNode = FALSE
	EndGlobalSection
	GlobalSection(ExtensibilityGlobals) = postSolution
		SolutionGuid = {A7500E8A-AE63-461C-8974-5FBB19C4F8D9}
	EndGlobalSection
EndGlobal
