
Microsoft Visual Studio Solution File, Format Version 12.00
# Visual Studio Version 17
VisualStudioVersion = 17.3.32804.467
MinimumVisualStudioVersion = 10.0.40219.1
Project("{FAE04EC0-301F-11D3-BF4B-00C04F79EFBC}") = "marks", "marks.csproj", "{8772792F-0AE1-402F-8E8F-FDDAE80F2F6A}"
EndProject
Global
	GlobalSection(SolutionConfigurationPlatforms) = preSolution
		Debug|Any CPU = Debug|Any CPU
		Release|Any CPU = Release|Any CPU
	EndGlobalSection
	GlobalSection(ProjectConfigurationPlatforms) = postSolution
		{8772792F-0AE1-402F-8E8F-FDDAE80F2F6A}.Debug|Any CPU.ActiveCfg = Debug|Any CPU
		{8772792F-0AE1-402F-8E8F-FDDAE80F2F6A}.Debug|Any CPU.Build.0 = Debug|Any CPU
		{8772792F-0AE1-402F-8E8F-FDDAE80F2F6A}.Release|Any CPU.ActiveCfg = Release|Any CPU
		{8772792F-0AE1-402F-8E8F-FDDAE80F2F6A}.Release|Any CPU.Build.0 = Release|Any CPU
	EndGlobalSection
	GlobalSection(SolutionProperties) = preSolution
		HideSolutionNode = FALSE
	EndGlobalSection
	GlobalSection(ExtensibilityGlobals) = postSolution
		SolutionGuid = {710B02B4-05F4-41EC-AF74-2C26F25CBEAB}
	EndGlobalSection
EndGlobal
